{
  "version": 4,
  "terraform_version": "1.11.2",
  "serial": 1171,
  "lineage": "e32b4a5b-c502-e01a-ad60-8fed0c7af0ef",
  "outputs": {
    "endpoint": {
      "value": "https://muu5jxo5wh.execute-api.us-east-1.amazonaws.com/prod",
      "type": "string"
    },
    "endpoint_rds": {
      "value": "mydb.cv2yuq8yynir.us-east-1.rds.amazonaws.com:5432",
      "type": "string"
    },
    "private_subnet_ids": {
      "value": [
        "subnet-09a65d1f07cac8ff3",
        "subnet-0593f4e9287035ec0"
      ],
      "type": [
        "tuple",
        [
          "string",
          "string"
        ]
      ]
    },
    "secret_arn": {
      "value": "arn:aws:secretsmanager:us-east-1:116981784599:secret:db-credentials-k87gmK",
      "type": "string"
    },
    "vpc_id": {
      "value": "vpc-063b8f2900301b312",
      "type": "string"
    }
  },
  "resources": [
    {
      "module": "module.api_gateway",
      "mode": "managed",
      "type": "aws_apigatewayv2_api",
      "name": "api",
      "provider": "provider[\"registry.terraform.io/hashicorp/aws\"]",
      "instances": [
        {
          "schema_version": 0,
          "attributes": {
            "api_endpoint": "https://muu5jxo5wh.execute-api.us-east-1.amazonaws.com",
            "api_key_selection_expression": "$request.header.x-api-key",
            "arn": "arn:aws:apigateway:us-east-1::/apis/muu5jxo5wh",
            "body": null,
            "cors_configuration": [
              {
                "allow_credentials": false,
                "allow_headers": [
                  "*"
                ],
                "allow_methods": [
                  "DELETE",
                  "GET",
                  "OPTIONS",
                  "POST",
                  "PUT"
                ],
                "allow_origins": [
                  "*"
                ],
                "expose_headers": [],
                "max_age": 300
              }
            ],
            "credentials_arn": null,
            "description": "HTTP API Gateway for Lambda backend",
            "disable_execute_api_endpoint": false,
            "execution_arn": "arn:aws:execute-api:us-east-1:116981784599:muu5jxo5wh",
            "fail_on_warnings": null,
            "id": "muu5jxo5wh",
            "name": "MyHttpAPI",
            "protocol_type": "HTTP",
            "route_key": null,
            "route_selection_expression": "$request.method $request.path",
            "tags": {},
            "tags_all": {},
            "target": null,
            "version": ""
          },
          "sensitive_attributes": [],
          "private": "bnVsbA=="
        }
      ]
    },
    {
      "module": "module.api_gateway",
      "mode": "managed",
      "type": "aws_apigatewayv2_integration",
      "name": "lambda",
      "provider": "provider[\"registry.terraform.io/hashicorp/aws\"]",
      "instances": [
        {
          "schema_version": 0,
          "attributes": {
            "api_id": "muu5jxo5wh",
            "connection_id": "",
            "connection_type": "INTERNET",
            "content_handling_strategy": "",
            "credentials_arn": "",
            "description": "",
            "id": "zvu951m",
            "integration_method": "POST",
            "integration_response_selection_expression": "",
            "integration_subtype": "",
            "integration_type": "AWS_PROXY",
            "integration_uri": "arn:aws:lambda:us-east-1:116981784599:function:api-handler-oyvzwnbl",
            "passthrough_behavior": "",
            "payload_format_version": "2.0",
            "request_parameters": {},
            "request_templates": {},
            "response_parameters": [],
            "template_selection_expression": "",
            "timeout_milliseconds": 30000,
            "tls_config": []
          },
          "sensitive_attributes": [],
          "private": "bnVsbA==",
          "dependencies": [
            "module.api_gateway.aws_apigatewayv2_api.api",
            "module.lambda.aws_iam_role.lambda",
            "module.lambda.aws_lambda_function.api",
            "module.lambda.aws_lambda_layer_version.node_modules_layer",
            "module.lambda.data.archive_file.backend_zip",
            "module.lambda.data.archive_file.lambda_layer_zip",
            "module.lambda.null_resource.prepare_lambda_layer",
            "module.lambda.random_string.suffix",
            "module.secrets_manager.aws_secretsmanager_secret.db",
            "module.security_groups.aws_security_group.lambda_sg",
            "module.vpc.aws_subnet.private_db_a",
            "module.vpc.aws_subnet.private_db_b",
            "module.vpc.aws_vpc.main"
          ]
        }
      ]
    },
    {
      "module": "module.api_gateway",
      "mode": "managed",
      "type": "aws_apigatewayv2_route",
      "name": "clients_delete",
      "provider": "provider[\"registry.terraform.io/hashicorp/aws\"]",
      "instances": [
        {
          "schema_version": 0,
          "attributes": {
            "api_id": "muu5jxo5wh",
            "api_key_required": false,
            "authorization_scopes": [],
            "authorization_type": "NONE",
            "authorizer_id": "",
            "id": "rggw345",
            "model_selection_expression": "",
            "operation_name": "",
            "request_models": {},
            "request_parameter": [],
            "route_key": "DELETE /clients/{cin}",
            "route_response_selection_expression": "",
            "target": "integrations/zvu951m"
          },
          "sensitive_attributes": [],
          "private": "bnVsbA==",
          "dependencies": [
            "module.api_gateway.aws_apigatewayv2_api.api",
            "module.api_gateway.aws_apigatewayv2_integration.lambda",
            "module.lambda.aws_iam_role.lambda",
            "module.lambda.aws_lambda_function.api",
            "module.lambda.aws_lambda_layer_version.node_modules_layer",
            "module.lambda.data.archive_file.backend_zip",
            "module.lambda.data.archive_file.lambda_layer_zip",
            "module.lambda.null_resource.prepare_lambda_layer",
            "module.lambda.random_string.suffix",
            "module.secrets_manager.aws_secretsmanager_secret.db",
            "module.security_groups.aws_security_group.lambda_sg",
            "module.vpc.aws_subnet.private_db_a",
            "module.vpc.aws_subnet.private_db_b",
            "module.vpc.aws_vpc.main"
          ]
        }
      ]
    },
    {
      "module": "module.api_gateway",
      "mode": "managed",
      "type": "aws_apigatewayv2_route",
      "name": "clients_get",
      "provider": "provider[\"registry.terraform.io/hashicorp/aws\"]",
      "instances": [
        {
          "schema_version": 0,
          "attributes": {
            "api_id": "muu5jxo5wh",
            "api_key_required": false,
            "authorization_scopes": null,
            "authorization_type": "NONE",
            "authorizer_id": "",
            "id": "pwsgrpe",
            "model_selection_expression": "",
            "operation_name": "",
            "request_models": null,
            "request_parameter": [],
            "route_key": "GET /clients",
            "route_response_selection_expression": "",
            "target": "integrations/zvu951m"
          },
          "sensitive_attributes": [],
          "private": "bnVsbA==",
          "dependencies": [
            "module.api_gateway.aws_apigatewayv2_api.api",
            "module.api_gateway.aws_apigatewayv2_integration.lambda",
            "module.lambda.aws_iam_role.lambda",
            "module.lambda.aws_lambda_function.api",
            "module.lambda.aws_lambda_layer_version.node_modules_layer",
            "module.lambda.data.archive_file.backend_zip",
            "module.lambda.data.archive_file.lambda_layer_zip",
            "module.lambda.null_resource.prepare_lambda_layer",
            "module.lambda.random_string.suffix",
            "module.secrets_manager.aws_secretsmanager_secret.db",
            "module.security_groups.aws_security_group.lambda_sg",
            "module.vpc.aws_subnet.private_db_a",
            "module.vpc.aws_subnet.private_db_b",
            "module.vpc.aws_vpc.main"
          ]
        }
      ]
    },
    {
      "module": "module.api_gateway",
      "mode": "managed",
      "type": "aws_apigatewayv2_route",
      "name": "clients_get_by_cin",
      "provider": "provider[\"registry.terraform.io/hashicorp/aws\"]",
      "instances": [
        {
          "schema_version": 0,
          "attributes": {
            "api_id": "muu5jxo5wh",
            "api_key_required": false,
            "authorization_scopes": null,
            "authorization_type": "NONE",
            "authorizer_id": "",
            "id": "krgqky7",
            "model_selection_expression": "",
            "operation_name": "",
            "request_models": null,
            "request_parameter": [],
            "route_key": "GET /clients/{cin}",
            "route_response_selection_expression": "",
            "target": "integrations/zvu951m"
          },
          "sensitive_attributes": [],
          "private": "bnVsbA==",
          "dependencies": [
            "module.api_gateway.aws_apigatewayv2_api.api",
            "module.api_gateway.aws_apigatewayv2_integration.lambda",
            "module.lambda.aws_iam_role.lambda",
            "module.lambda.aws_lambda_function.api",
            "module.lambda.aws_lambda_layer_version.node_modules_layer",
            "module.lambda.data.archive_file.backend_zip",
            "module.lambda.data.archive_file.lambda_layer_zip",
            "module.lambda.null_resource.prepare_lambda_layer",
            "module.lambda.random_string.suffix",
            "module.secrets_manager.aws_secretsmanager_secret.db",
            "module.security_groups.aws_security_group.lambda_sg",
            "module.vpc.aws_subnet.private_db_a",
            "module.vpc.aws_subnet.private_db_b",
            "module.vpc.aws_vpc.main"
          ]
        }
      ]
    },
    {
      "module": "module.api_gateway",
      "mode": "managed",
      "type": "aws_apigatewayv2_route",
      "name": "clients_post",
      "provider": "provider[\"registry.terraform.io/hashicorp/aws\"]",
      "instances": [
        {
          "schema_version": 0,
          "attributes": {
            "api_id": "muu5jxo5wh",
            "api_key_required": false,
            "authorization_scopes": null,
            "authorization_type": "NONE",
            "authorizer_id": "",
            "id": "txk6h6v",
            "model_selection_expression": "",
            "operation_name": "",
            "request_models": null,
            "request_parameter": [],
            "route_key": "POST /clients",
            "route_response_selection_expression": "",
            "target": "integrations/zvu951m"
          },
          "sensitive_attributes": [],
          "private": "bnVsbA==",
          "dependencies": [
            "module.api_gateway.aws_apigatewayv2_api.api",
            "module.api_gateway.aws_apigatewayv2_integration.lambda",
            "module.lambda.aws_iam_role.lambda",
            "module.lambda.aws_lambda_function.api",
            "module.lambda.aws_lambda_layer_version.node_modules_layer",
            "module.lambda.data.archive_file.backend_zip",
            "module.lambda.data.archive_file.lambda_layer_zip",
            "module.lambda.null_resource.prepare_lambda_layer",
            "module.lambda.random_string.suffix",
            "module.secrets_manager.aws_secretsmanager_secret.db",
            "module.security_groups.aws_security_group.lambda_sg",
            "module.vpc.aws_subnet.private_db_a",
            "module.vpc.aws_subnet.private_db_b",
            "module.vpc.aws_vpc.main"
          ]
        }
      ]
    },
    {
      "module": "module.api_gateway",
      "mode": "managed",
      "type": "aws_apigatewayv2_route",
      "name": "clients_put",
      "provider": "provider[\"registry.terraform.io/hashicorp/aws\"]",
      "instances": [
        {
          "schema_version": 0,
          "attributes": {
            "api_id": "muu5jxo5wh",
            "api_key_required": false,
            "authorization_scopes": [],
            "authorization_type": "NONE",
            "authorizer_id": "",
            "id": "96bwc9s",
            "model_selection_expression": "",
            "operation_name": "",
            "request_models": {},
            "request_parameter": [],
            "route_key": "PUT /clients/{cin}",
            "route_response_selection_expression": "",
            "target": "integrations/zvu951m"
          },
          "sensitive_attributes": [],
          "private": "bnVsbA==",
          "dependencies": [
            "module.api_gateway.aws_apigatewayv2_api.api",
            "module.api_gateway.aws_apigatewayv2_integration.lambda",
            "module.lambda.aws_iam_role.lambda",
            "module.lambda.aws_lambda_function.api",
            "module.lambda.aws_lambda_layer_version.node_modules_layer",
            "module.lambda.data.archive_file.backend_zip",
            "module.lambda.data.archive_file.lambda_layer_zip",
            "module.lambda.null_resource.prepare_lambda_layer",
            "module.lambda.random_string.suffix",
            "module.secrets_manager.aws_secretsmanager_secret.db",
            "module.security_groups.aws_security_group.lambda_sg",
            "module.vpc.aws_subnet.private_db_a",
            "module.vpc.aws_subnet.private_db_b",
            "module.vpc.aws_vpc.main"
          ]
        }
      ]
    },
    {
      "module": "module.api_gateway",
      "mode": "managed",
      "type": "aws_apigatewayv2_route",
      "name": "examens_delete",
      "provider": "provider[\"registry.terraform.io/hashicorp/aws\"]",
      "instances": [
        {
          "schema_version": 0,
          "attributes": {
            "api_id": "muu5jxo5wh",
            "api_key_required": false,
            "authorization_scopes": [],
            "authorization_type": "NONE",
            "authorizer_id": "",
            "id": "ibqfw67",
            "model_selection_expression": "",
            "operation_name": "",
            "request_models": {},
            "request_parameter": [],
            "route_key": "DELETE /examens/{id}",
            "route_response_selection_expression": "",
            "target": "integrations/zvu951m"
          },
          "sensitive_attributes": [],
          "private": "bnVsbA==",
          "dependencies": [
            "module.api_gateway.aws_apigatewayv2_api.api",
            "module.api_gateway.aws_apigatewayv2_integration.lambda",
            "module.lambda.aws_iam_role.lambda",
            "module.lambda.aws_lambda_function.api",
            "module.lambda.aws_lambda_layer_version.node_modules_layer",
            "module.lambda.data.archive_file.backend_zip",
            "module.lambda.data.archive_file.lambda_layer_zip",
            "module.lambda.null_resource.prepare_lambda_layer",
            "module.lambda.random_string.suffix",
            "module.secrets_manager.aws_secretsmanager_secret.db",
            "module.security_groups.aws_security_group.lambda_sg",
            "module.vpc.aws_subnet.private_db_a",
            "module.vpc.aws_subnet.private_db_b",
            "module.vpc.aws_vpc.main"
          ]
        }
      ]
    },
    {
      "module": "module.api_gateway",
      "mode": "managed",
      "type": "aws_apigatewayv2_route",
      "name": "examens_get",
      "provider": "provider[\"registry.terraform.io/hashicorp/aws\"]",
      "instances": [
        {
          "schema_version": 0,
          "attributes": {
            "api_id": "muu5jxo5wh",
            "api_key_required": false,
            "authorization_scopes": null,
            "authorization_type": "NONE",
            "authorizer_id": "",
            "id": "hdslwv7",
            "model_selection_expression": "",
            "operation_name": "",
            "request_models": null,
            "request_parameter": [],
            "route_key": "GET /examens",
            "route_response_selection_expression": "",
            "target": "integrations/zvu951m"
          },
          "sensitive_attributes": [],
          "private": "bnVsbA==",
          "dependencies": [
            "module.api_gateway.aws_apigatewayv2_api.api",
            "module.api_gateway.aws_apigatewayv2_integration.lambda",
            "module.lambda.aws_iam_role.lambda",
            "module.lambda.aws_lambda_function.api",
            "module.lambda.aws_lambda_layer_version.node_modules_layer",
            "module.lambda.data.archive_file.backend_zip",
            "module.lambda.data.archive_file.lambda_layer_zip",
            "module.lambda.null_resource.prepare_lambda_layer",
            "module.lambda.random_string.suffix",
            "module.secrets_manager.aws_secretsmanager_secret.db",
            "module.security_groups.aws_security_group.lambda_sg",
            "module.vpc.aws_subnet.private_db_a",
            "module.vpc.aws_subnet.private_db_b",
            "module.vpc.aws_vpc.main"
          ]
        }
      ]
    },
    {
      "module": "module.api_gateway",
      "mode": "managed",
      "type": "aws_apigatewayv2_route",
      "name": "examens_get_by_id",
      "provider": "provider[\"registry.terraform.io/hashicorp/aws\"]",
      "instances": [
        {
          "schema_version": 0,
          "attributes": {
            "api_id": "muu5jxo5wh",
            "api_key_required": false,
            "authorization_scopes": null,
            "authorization_type": "NONE",
            "authorizer_id": "",
            "id": "45job8b",
            "model_selection_expression": "",
            "operation_name": "",
            "request_models": null,
            "request_parameter": [],
            "route_key": "GET /examens/{id}",
            "route_response_selection_expression": "",
            "target": "integrations/zvu951m"
          },
          "sensitive_attributes": [],
          "private": "bnVsbA==",
          "dependencies": [
            "module.api_gateway.aws_apigatewayv2_api.api",
            "module.api_gateway.aws_apigatewayv2_integration.lambda",
            "module.lambda.aws_iam_role.lambda",
            "module.lambda.aws_lambda_function.api",
            "module.lambda.aws_lambda_layer_version.node_modules_layer",
            "module.lambda.data.archive_file.backend_zip",
            "module.lambda.data.archive_file.lambda_layer_zip",
            "module.lambda.null_resource.prepare_lambda_layer",
            "module.lambda.random_string.suffix",
            "module.secrets_manager.aws_secretsmanager_secret.db",
            "module.security_groups.aws_security_group.lambda_sg",
            "module.vpc.aws_subnet.private_db_a",
            "module.vpc.aws_subnet.private_db_b",
            "module.vpc.aws_vpc.main"
          ]
        }
      ]
    },
    {
      "module": "module.api_gateway",
      "mode": "managed",
      "type": "aws_apigatewayv2_route",
      "name": "examens_post",
      "provider": "provider[\"registry.terraform.io/hashicorp/aws\"]",
      "instances": [
        {
          "schema_version": 0,
          "attributes": {
            "api_id": "muu5jxo5wh",
            "api_key_required": false,
            "authorization_scopes": null,
            "authorization_type": "NONE",
            "authorizer_id": "",
            "id": "m0p794e",
            "model_selection_expression": "",
            "operation_name": "",
            "request_models": null,
            "request_parameter": [],
            "route_key": "POST /examens",
            "route_response_selection_expression": "",
            "target": "integrations/zvu951m"
          },
          "sensitive_attributes": [],
          "private": "bnVsbA==",
          "dependencies": [
            "module.api_gateway.aws_apigatewayv2_api.api",
            "module.api_gateway.aws_apigatewayv2_integration.lambda",
            "module.lambda.aws_iam_role.lambda",
            "module.lambda.aws_lambda_function.api",
            "module.lambda.aws_lambda_layer_version.node_modules_layer",
            "module.lambda.data.archive_file.backend_zip",
            "module.lambda.data.archive_file.lambda_layer_zip",
            "module.lambda.null_resource.prepare_lambda_layer",
            "module.lambda.random_string.suffix",
            "module.secrets_manager.aws_secretsmanager_secret.db",
            "module.security_groups.aws_security_group.lambda_sg",
            "module.vpc.aws_subnet.private_db_a",
            "module.vpc.aws_subnet.private_db_b",
            "module.vpc.aws_vpc.main"
          ]
        }
      ]
    },
    {
      "module": "module.api_gateway",
      "mode": "managed",
      "type": "aws_apigatewayv2_route",
      "name": "examens_put",
      "provider": "provider[\"registry.terraform.io/hashicorp/aws\"]",
      "instances": [
        {
          "schema_version": 0,
          "attributes": {
            "api_id": "muu5jxo5wh",
            "api_key_required": false,
            "authorization_scopes": [],
            "authorization_type": "NONE",
            "authorizer_id": "",
            "id": "ih8xvti",
            "model_selection_expression": "",
            "operation_name": "",
            "request_models": {},
            "request_parameter": [],
            "route_key": "PUT /examens/{id}",
            "route_response_selection_expression": "",
            "target": "integrations/zvu951m"
          },
          "sensitive_attributes": [],
          "private": "bnVsbA==",
          "dependencies": [
            "module.api_gateway.aws_apigatewayv2_api.api",
            "module.api_gateway.aws_apigatewayv2_integration.lambda",
            "module.lambda.aws_iam_role.lambda",
            "module.lambda.aws_lambda_function.api",
            "module.lambda.aws_lambda_layer_version.node_modules_layer",
            "module.lambda.data.archive_file.backend_zip",
            "module.lambda.data.archive_file.lambda_layer_zip",
            "module.lambda.null_resource.prepare_lambda_layer",
            "module.lambda.random_string.suffix",
            "module.secrets_manager.aws_secretsmanager_secret.db",
            "module.security_groups.aws_security_group.lambda_sg",
            "module.vpc.aws_subnet.private_db_a",
            "module.vpc.aws_subnet.private_db_b",
            "module.vpc.aws_vpc.main"
          ]
        }
      ]
    },
    {
      "module": "module.api_gateway",
      "mode": "managed",
      "type": "aws_apigatewayv2_route",
      "name": "seances_delete",
      "provider": "provider[\"registry.terraform.io/hashicorp/aws\"]",
      "instances": [
        {
          "schema_version": 0,
          "attributes": {
            "api_id": "muu5jxo5wh",
            "api_key_required": false,
            "authorization_scopes": [],
            "authorization_type": "NONE",
            "authorizer_id": "",
            "id": "8b7gekb",
            "model_selection_expression": "",
            "operation_name": "",
            "request_models": {},
            "request_parameter": [],
            "route_key": "DELETE /seances/{id}",
            "route_response_selection_expression": "",
            "target": "integrations/zvu951m"
          },
          "sensitive_attributes": [],
          "private": "bnVsbA==",
          "dependencies": [
            "module.api_gateway.aws_apigatewayv2_api.api",
            "module.api_gateway.aws_apigatewayv2_integration.lambda",
            "module.lambda.aws_iam_role.lambda",
            "module.lambda.aws_lambda_function.api",
            "module.lambda.aws_lambda_layer_version.node_modules_layer",
            "module.lambda.data.archive_file.backend_zip",
            "module.lambda.data.archive_file.lambda_layer_zip",
            "module.lambda.null_resource.prepare_lambda_layer",
            "module.lambda.random_string.suffix",
            "module.secrets_manager.aws_secretsmanager_secret.db",
            "module.security_groups.aws_security_group.lambda_sg",
            "module.vpc.aws_subnet.private_db_a",
            "module.vpc.aws_subnet.private_db_b",
            "module.vpc.aws_vpc.main"
          ]
        }
      ]
    },
    {
      "module": "module.api_gateway",
      "mode": "managed",
      "type": "aws_apigatewayv2_route",
      "name": "seances_get",
      "provider": "provider[\"registry.terraform.io/hashicorp/aws\"]",
      "instances": [
        {
          "schema_version": 0,
          "attributes": {
            "api_id": "muu5jxo5wh",
            "api_key_required": false,
            "authorization_scopes": null,
            "authorization_type": "NONE",
            "authorizer_id": "",
            "id": "5r5r2z9",
            "model_selection_expression": "",
            "operation_name": "",
            "request_models": null,
            "request_parameter": [],
            "route_key": "GET /seances",
            "route_response_selection_expression": "",
            "target": "integrations/zvu951m"
          },
          "sensitive_attributes": [],
          "private": "bnVsbA==",
          "dependencies": [
            "module.api_gateway.aws_apigatewayv2_api.api",
            "module.api_gateway.aws_apigatewayv2_integration.lambda",
            "module.lambda.aws_iam_role.lambda",
            "module.lambda.aws_lambda_function.api",
            "module.lambda.aws_lambda_layer_version.node_modules_layer",
            "module.lambda.data.archive_file.backend_zip",
            "module.lambda.data.archive_file.lambda_layer_zip",
            "module.lambda.null_resource.prepare_lambda_layer",
            "module.lambda.random_string.suffix",
            "module.secrets_manager.aws_secretsmanager_secret.db",
            "module.security_groups.aws_security_group.lambda_sg",
            "module.vpc.aws_subnet.private_db_a",
            "module.vpc.aws_subnet.private_db_b",
            "module.vpc.aws_vpc.main"
          ]
        }
      ]
    },
    {
      "module": "module.api_gateway",
      "mode": "managed",
      "type": "aws_apigatewayv2_route",
      "name": "seances_get_by_id",
      "provider": "provider[\"registry.terraform.io/hashicorp/aws\"]",
      "instances": [
        {
          "schema_version": 0,
          "attributes": {
            "api_id": "muu5jxo5wh",
            "api_key_required": false,
            "authorization_scopes": null,
            "authorization_type": "NONE",
            "authorizer_id": "",
            "id": "hwgdsod",
            "model_selection_expression": "",
            "operation_name": "",
            "request_models": null,
            "request_parameter": [],
            "route_key": "GET /seances/{id}",
            "route_response_selection_expression": "",
            "target": "integrations/zvu951m"
          },
          "sensitive_attributes": [],
          "private": "bnVsbA==",
          "dependencies": [
            "module.api_gateway.aws_apigatewayv2_api.api",
            "module.api_gateway.aws_apigatewayv2_integration.lambda",
            "module.lambda.aws_iam_role.lambda",
            "module.lambda.aws_lambda_function.api",
            "module.lambda.aws_lambda_layer_version.node_modules_layer",
            "module.lambda.data.archive_file.backend_zip",
            "module.lambda.data.archive_file.lambda_layer_zip",
            "module.lambda.null_resource.prepare_lambda_layer",
            "module.lambda.random_string.suffix",
            "module.secrets_manager.aws_secretsmanager_secret.db",
            "module.security_groups.aws_security_group.lambda_sg",
            "module.vpc.aws_subnet.private_db_a",
            "module.vpc.aws_subnet.private_db_b",
            "module.vpc.aws_vpc.main"
          ]
        }
      ]
    },
    {
      "module": "module.api_gateway",
      "mode": "managed",
      "type": "aws_apigatewayv2_route",
      "name": "seances_post",
      "provider": "provider[\"registry.terraform.io/hashicorp/aws\"]",
      "instances": [
        {
          "schema_version": 0,
          "attributes": {
            "api_id": "muu5jxo5wh",
            "api_key_required": false,
            "authorization_scopes": null,
            "authorization_type": "NONE",
            "authorizer_id": "",
            "id": "2syhah3",
            "model_selection_expression": "",
            "operation_name": "",
            "request_models": null,
            "request_parameter": [],
            "route_key": "POST /seances",
            "route_response_selection_expression": "",
            "target": "integrations/zvu951m"
          },
          "sensitive_attributes": [],
          "private": "bnVsbA==",
          "dependencies": [
            "module.api_gateway.aws_apigatewayv2_api.api",
            "module.api_gateway.aws_apigatewayv2_integration.lambda",
            "module.lambda.aws_iam_role.lambda",
            "module.lambda.aws_lambda_function.api",
            "module.lambda.aws_lambda_layer_version.node_modules_layer",
            "module.lambda.data.archive_file.backend_zip",
            "module.lambda.data.archive_file.lambda_layer_zip",
            "module.lambda.null_resource.prepare_lambda_layer",
            "module.lambda.random_string.suffix",
            "module.secrets_manager.aws_secretsmanager_secret.db",
            "module.security_groups.aws_security_group.lambda_sg",
            "module.vpc.aws_subnet.private_db_a",
            "module.vpc.aws_subnet.private_db_b",
            "module.vpc.aws_vpc.main"
          ]
        }
      ]
    },
    {
      "module": "module.api_gateway",
      "mode": "managed",
      "type": "aws_apigatewayv2_route",
      "name": "seances_put",
      "provider": "provider[\"registry.terraform.io/hashicorp/aws\"]",
      "instances": [
        {
          "schema_version": 0,
          "attributes": {
            "api_id": "muu5jxo5wh",
            "api_key_required": false,
            "authorization_scopes": [],
            "authorization_type": "NONE",
            "authorizer_id": "",
            "id": "ptoxf5j",
            "model_selection_expression": "",
            "operation_name": "",
            "request_models": {},
            "request_parameter": [],
            "route_key": "PUT /seances/{id}",
            "route_response_selection_expression": "",
            "target": "integrations/zvu951m"
          },
          "sensitive_attributes": [],
          "private": "bnVsbA==",
          "dependencies": [
            "module.api_gateway.aws_apigatewayv2_api.api",
            "module.api_gateway.aws_apigatewayv2_integration.lambda",
            "module.lambda.aws_iam_role.lambda",
            "module.lambda.aws_lambda_function.api",
            "module.lambda.aws_lambda_layer_version.node_modules_layer",
            "module.lambda.data.archive_file.backend_zip",
            "module.lambda.data.archive_file.lambda_layer_zip",
            "module.lambda.null_resource.prepare_lambda_layer",
            "module.lambda.random_string.suffix",
            "module.secrets_manager.aws_secretsmanager_secret.db",
            "module.security_groups.aws_security_group.lambda_sg",
            "module.vpc.aws_subnet.private_db_a",
            "module.vpc.aws_subnet.private_db_b",
            "module.vpc.aws_vpc.main"
          ]
        }
      ]
    },
    {
      "module": "module.api_gateway",
      "mode": "managed",
      "type": "aws_apigatewayv2_stage",
      "name": "prod",
      "provider": "provider[\"registry.terraform.io/hashicorp/aws\"]",
      "instances": [
        {
          "schema_version": 0,
          "attributes": {
            "access_log_settings": [
              {
                "destination_arn": "arn:aws:logs:us-east-1:116981784599:log-group:/aws/apigateway/MyHttpAPI-prod",
                "format": "{\"httpMethod\":\"$context.httpMethod\",\"ip\":\"$context.identity.sourceIp\",\"protocol\":\"$context.protocol\",\"requestId\":\"$context.requestId\",\"requestTime\":\"$context.requestTime\",\"responseLength\":\"$context.responseLength\",\"routeKey\":\"$context.routeKey\",\"status\":\"$context.status\"}"
              }
            ],
            "api_id": "muu5jxo5wh",
            "arn": "arn:aws:apigateway:us-east-1::/apis/muu5jxo5wh/stages/prod",
            "auto_deploy": true,
            "client_certificate_id": "",
            "default_route_settings": [
              {
                "data_trace_enabled": false,
                "detailed_metrics_enabled": false,
                "logging_level": "",
                "throttling_burst_limit": 0,
                "throttling_rate_limit": 0
              }
            ],
            "deployment_id": "b4ky8h",
            "description": "",
            "execution_arn": "arn:aws:execute-api:us-east-1:116981784599:muu5jxo5wh/prod",
            "id": "prod",
            "invoke_url": "https://muu5jxo5wh.execute-api.us-east-1.amazonaws.com/prod",
            "name": "prod",
            "route_settings": [],
            "stage_variables": {},
            "tags": {
              "Name": "prod"
            },
            "tags_all": {
              "Name": "prod"
            }
          },
          "sensitive_attributes": [],
          "private": "bnVsbA==",
          "dependencies": [
            "module.api_gateway.aws_apigatewayv2_api.api",
            "module.logging.aws_cloudwatch_log_group.api_gateway_logs"
          ]
        }
      ]
    },
    {
      "module": "module.api_gateway",
      "mode": "managed",
      "type": "aws_lambda_permission",
      "name": "api_gateway",
      "provider": "provider[\"registry.terraform.io/hashicorp/aws\"]",
      "instances": [
        {
          "schema_version": 0,
          "attributes": {
            "action": "lambda:InvokeFunction",
            "event_source_token": null,
            "function_name": "api-handler-oyvzwnbl",
            "function_url_auth_type": null,
            "id": "AllowAPIGatewayV2Invoke",
            "principal": "apigateway.amazonaws.com",
            "principal_org_id": null,
            "qualifier": "",
            "source_account": null,
            "source_arn": "arn:aws:execute-api:us-east-1:116981784599:muu5jxo5wh/*/*",
            "statement_id": "AllowAPIGatewayV2Invoke",
            "statement_id_prefix": ""
          },
          "sensitive_attributes": [],
          "private": "bnVsbA==",
          "dependencies": [
            "module.api_gateway.aws_apigatewayv2_api.api",
            "module.lambda.aws_iam_role.lambda",
            "module.lambda.aws_lambda_function.api",
            "module.lambda.aws_lambda_layer_version.node_modules_layer",
            "module.lambda.data.archive_file.backend_zip",
            "module.lambda.data.archive_file.lambda_layer_zip",
            "module.lambda.null_resource.prepare_lambda_layer",
            "module.lambda.random_string.suffix",
            "module.secrets_manager.aws_secretsmanager_secret.db",
            "module.security_groups.aws_security_group.lambda_sg",
            "module.vpc.aws_subnet.private_db_a",
            "module.vpc.aws_subnet.private_db_b",
            "module.vpc.aws_vpc.main"
          ]
        }
      ]
    },
    {
      "module": "module.cognito",
      "mode": "managed",
      "type": "aws_cognito_user_pool",
      "name": "my_user_pool",
      "provider": "provider[\"registry.terraform.io/hashicorp/aws\"]",
      "instances": [
        {
          "schema_version": 0,
          "attributes": {
            "account_recovery_setting": [
              {
                "recovery_mechanism": [
                  {
                    "name": "verified_email",
                    "priority": 1
                  },
                  {
                    "name": "verified_phone_number",
                    "priority": 2
                  }
                ]
              }
            ],
            "admin_create_user_config": [
              {
                "allow_admin_create_user_only": false,
                "invite_message_template": []
              }
            ],
            "alias_attributes": [
              "email",
              "preferred_username"
            ],
            "arn": "arn:aws:cognito-idp:us-east-1:116981784599:userpool/us-east-1_hG5sLXiHL",
            "auto_verified_attributes": [
              "email"
            ],
            "creation_date": "2025-03-19T10:15:33Z",
            "custom_domain": "",
            "deletion_protection": "INACTIVE",
            "device_configuration": [],
            "domain": "",
            "email_configuration": [
              {
                "configuration_set": "",
                "email_sending_account": "COGNITO_DEFAULT",
                "from_email_address": "",
                "reply_to_email_address": "",
                "source_arn": ""
              }
            ],
            "email_mfa_configuration": [],
            "email_verification_message": "",
            "email_verification_subject": "",
            "endpoint": "cognito-idp.us-east-1.amazonaws.com/us-east-1_hG5sLXiHL",
            "estimated_number_of_users": 0,
            "id": "us-east-1_hG5sLXiHL",
            "lambda_config": [],
            "last_modified_date": "2025-03-19T10:15:33Z",
            "mfa_configuration": "OFF",
            "name": "my-user-pool",
            "password_policy": [
              {
                "minimum_length": 8,
                "password_history_size": 0,
                "require_lowercase": true,
                "require_numbers": true,
                "require_symbols": false,
                "require_uppercase": true,
                "temporary_password_validity_days": 7
              }
            ],
            "schema": [],
            "sign_in_policy": [
              {
                "allowed_first_auth_factors": [
                  "PASSWORD"
                ]
              }
            ],
            "sms_authentication_message": "",
            "sms_configuration": [],
            "sms_verification_message": "",
            "software_token_mfa_configuration": [],
            "tags": {
              "Name": "my-user-pool-khalil-react-amplify-test"
            },
            "tags_all": {
              "Name": "my-user-pool-khalil-react-amplify-test"
            },
            "user_attribute_update_settings": [],
            "user_pool_add_ons": [],
            "user_pool_tier": "ESSENTIALS",
            "username_attributes": [],
            "username_configuration": [],
            "verification_message_template": [
              {
                "default_email_option": "CONFIRM_WITH_CODE",
                "email_message": "",
                "email_message_by_link": "",
                "email_subject": "",
                "email_subject_by_link": "",
                "sms_message": ""
              }
            ],
            "web_authn_configuration": []
          },
          "sensitive_attributes": [],
          "private": "bnVsbA=="
        }
      ]
    },
    {
      "module": "module.cognito",
      "mode": "managed",
      "type": "aws_cognito_user_pool_client",
      "name": "my_user_pool_client",
      "provider": "provider[\"registry.terraform.io/hashicorp/aws\"]",
      "instances": [
        {
          "schema_version": 0,
          "attributes": {
            "access_token_validity": 0,
            "allowed_oauth_flows": [],
            "allowed_oauth_flows_user_pool_client": false,
            "allowed_oauth_scopes": [],
            "analytics_configuration": [],
            "auth_session_validity": 3,
            "callback_urls": [],
            "client_secret": "",
            "default_redirect_uri": "",
            "enable_propagate_additional_user_context_data": false,
            "enable_token_revocation": true,
            "explicit_auth_flows": [
              "ALLOW_REFRESH_TOKEN_AUTH",
              "ALLOW_USER_PASSWORD_AUTH",
              "ALLOW_USER_SRP_AUTH"
            ],
            "generate_secret": null,
            "id": "2cl9rs0qo15hj0djc0vb5q0kpq",
            "id_token_validity": 0,
            "logout_urls": [],
            "name": "my-user-pool-client",
            "prevent_user_existence_errors": "",
            "read_attributes": [],
            "refresh_token_validity": 30,
            "supported_identity_providers": [],
            "token_validity_units": [],
            "user_pool_id": "us-east-1_hG5sLXiHL",
            "write_attributes": []
          },
          "sensitive_attributes": [
            [
              {
                "type": "get_attr",
                "value": "client_secret"
              }
            ]
          ],
          "dependencies": [
            "module.cognito.aws_cognito_user_pool.my_user_pool"
          ]
        }
      ]
    },
    {
      "module": "module.lambda",
      "mode": "data",
      "type": "archive_file",
      "name": "backend_zip",
      "provider": "provider[\"registry.terraform.io/hashicorp/archive\"]",
      "instances": [
        {
          "schema_version": 0,
          "attributes": {
            "exclude_symlink_directories": null,
            "excludes": [
              "**/*.log",
              ".git/**",
              "node_modules/**"
            ],
            "id": "5b1ad2670fa5a516b4efa102847b53636dfb5f2d",
            "output_base64sha256": "FqGzvkOVjhtjoIMjx1AkQSOauFGUqWmZMoUBdmsskmc=",
            "output_base64sha512": "6Th8oJ+LqTIdnr9q2UZL+BGnz4o5hIAJecsWOeZFsQ9WygdvRJNJJdSA+xMRpRbJLkTQV3gHK7KQPBMX01HxOQ==",
            "output_file_mode": null,
            "output_md5": "50dcc151288a485937b49d783b866a2b",
            "output_path": "modules/lambda/back-end.zip",
            "output_sha": "5b1ad2670fa5a516b4efa102847b53636dfb5f2d",
            "output_sha256": "16a1b3be43958e1b63a08323c7502441239ab85194a96999328501766b2c9267",
            "output_sha512": "e9387ca09f8ba9321d9ebf6ad9464bf811a7cf8a3984800979cb1639e645b10f56ca076f44934925d480fb1311a516c92e44d05778072bb2903c1317d351f139",
            "output_size": 28791,
            "source": [],
            "source_content": null,
            "source_content_filename": null,
            "source_dir": "./../back-end",
            "source_file": null,
            "type": "zip"
          },
          "sensitive_attributes": []
        }
      ]
    },
    {
      "module": "module.lambda",
      "mode": "data",
      "type": "archive_file",
      "name": "lambda_layer_zip",
      "provider": "provider[\"registry.terraform.io/hashicorp/archive\"]",
      "instances": [
        {
          "schema_version": 0,
          "attributes": {
            "exclude_symlink_directories": null,
            "excludes": null,
            "id": "a154d78fb842b13133b753060e54879d68e07044",
            "output_base64sha256": "YII5odIf1MlKnnwv6u9ye47I+XdjfZmumsXFknrd/os=",
            "output_base64sha512": "unzTuE6akNmkf5n3l6sneZhymby66JtmZhnvqJQwBzaIXH/rmOMkT9HUe+W2wFAlpSvj9YbolS8KRoZWXDyn1A==",
            "output_file_mode": null,
            "output_md5": "4b8dcf4218c179e182e7dc48c4488399",
            "output_path": "modules/lambda/lambda-layer.zip",
            "output_sha": "a154d78fb842b13133b753060e54879d68e07044",
            "output_sha256": "608239a1d21fd4c94a9e7c2feaef727b8ec8f977637d99ae9ac5c5927addfe8b",
            "output_sha512": "ba7cd3b84e9a90d9a47f99f797ab2779987299bcbae89b666619efa894300736885c7feb98e3244fd1d47be5b6c05025a52be3f586e8952f0a4686565c3ca7d4",
            "output_size": 20616826,
            "source": [],
            "source_content": null,
            "source_content_filename": null,
            "source_dir": "modules/lambda/layer",
            "source_file": null,
            "type": "zip"
          },
          "sensitive_attributes": []
        }
      ]
    },
    {
      "module": "module.lambda",
      "mode": "managed",
      "type": "aws_iam_role",
      "name": "lambda",
      "provider": "provider[\"registry.terraform.io/hashicorp/aws\"]",
      "instances": [
        {
          "schema_version": 0,
          "attributes": {
            "arn": "arn:aws:iam::116981784599:role/lambda-execution-role-oyvzwnbl",
            "assume_role_policy": "{\"Statement\":[{\"Action\":\"sts:AssumeRole\",\"Effect\":\"Allow\",\"Principal\":{\"Service\":\"lambda.amazonaws.com\"}}],\"Version\":\"2012-10-17\"}",
            "create_date": "2025-03-19T10:15:32Z",
            "description": "",
            "force_detach_policies": false,
            "id": "lambda-execution-role-oyvzwnbl",
            "inline_policy": [
              {
                "name": "terraform-20250319101533551700000002",
                "policy": "{\"Version\":\"2012-10-17\",\"Statement\":[{\"Action\":[\"secretsmanager:GetSecretValue\",\"logs:CreateLogGroup\",\"logs:CreateLogStream\",\"logs:PutLogEvents\",\"ec2:CreateNetworkInterface\",\"ec2:DescribeNetworkInterfaces\",\"ec2:DeleteNetworkInterface\"],\"Effect\":\"Allow\",\"Resource\":\"*\"}]}"
              }
            ],
            "managed_policy_arns": [],
            "max_session_duration": 3600,
            "name": "lambda-execution-role-oyvzwnbl",
            "name_prefix": "",
            "path": "/",
            "permissions_boundary": "",
            "tags": {
              "Environment": "prod",
              "Name": "lambda-execution-role",
              "Project": "my-app"
            },
            "tags_all": {
              "Environment": "prod",
              "Name": "lambda-execution-role",
              "Project": "my-app"
            },
            "unique_id": "AROARWPFIMALVH4FZYSZC"
          },
          "sensitive_attributes": [],
          "private": "bnVsbA==",
          "dependencies": [
            "module.lambda.random_string.suffix"
          ]
        }
      ]
    },
    {
      "module": "module.lambda",
      "mode": "managed",
      "type": "aws_iam_role_policy",
      "name": "lambda",
      "provider": "provider[\"registry.terraform.io/hashicorp/aws\"]",
      "instances": [
        {
          "schema_version": 0,
          "attributes": {
            "id": "lambda-execution-role-oyvzwnbl:terraform-20250319101533551700000002",
            "name": "terraform-20250319101533551700000002",
            "name_prefix": "terraform-",
            "policy": "{\"Version\":\"2012-10-17\",\"Statement\":[{\"Action\":[\"secretsmanager:GetSecretValue\",\"logs:CreateLogGroup\",\"logs:CreateLogStream\",\"logs:PutLogEvents\",\"ec2:CreateNetworkInterface\",\"ec2:DescribeNetworkInterfaces\",\"ec2:DeleteNetworkInterface\"],\"Effect\":\"Allow\",\"Resource\":\"*\"}]}",
            "role": "lambda-execution-role-oyvzwnbl"
          },
          "sensitive_attributes": [],
          "private": "bnVsbA==",
          "dependencies": [
            "module.lambda.aws_iam_role.lambda",
            "module.lambda.random_string.suffix"
          ]
        }
      ]
    },
    {
      "module": "module.lambda",
      "mode": "managed",
      "type": "aws_lambda_function",
      "name": "api",
      "provider": "provider[\"registry.terraform.io/hashicorp/aws\"]",
      "instances": [
        {
          "schema_version": 0,
          "attributes": {
            "architectures": [
              "x86_64"
            ],
            "arn": "arn:aws:lambda:us-east-1:116981784599:function:api-handler-oyvzwnbl",
            "code_sha256": "FqGzvkOVjhtjoIMjx1AkQSOauFGUqWmZMoUBdmsskmc=",
            "code_signing_config_arn": "",
            "dead_letter_config": [],
            "description": "",
            "environment": [
              {
                "variables": {
                  "SECRET_ARN": "arn:aws:secretsmanager:us-east-1:116981784599:secret:db-credentials-k87gmK"
                }
              }
            ],
            "ephemeral_storage": [
              {
                "size": 512
              }
            ],
            "file_system_config": [],
            "filename": "modules/lambda/back-end.zip",
            "function_name": "api-handler-oyvzwnbl",
            "handler": "handlers/api.handler",
            "id": "api-handler-oyvzwnbl",
            "image_config": [],
            "image_uri": "",
            "invoke_arn": "arn:aws:apigateway:us-east-1:lambda:path/2015-03-31/functions/arn:aws:lambda:us-east-1:116981784599:function:api-handler-oyvzwnbl/invocations",
            "kms_key_arn": "",
            "last_modified": "2025-03-19T11:22:14.000+0000",
            "layers": [
              "arn:aws:lambda:us-east-1:116981784599:layer:node_modules_layer_oyvzwnbl:1"
            ],
            "logging_config": [
              {
                "application_log_level": "",
                "log_format": "Text",
                "log_group": "/aws/lambda/api-handler-oyvzwnbl",
                "system_log_level": ""
              }
            ],
            "memory_size": 256,
            "package_type": "Zip",
            "publish": false,
            "qualified_arn": "arn:aws:lambda:us-east-1:116981784599:function:api-handler-oyvzwnbl:$LATEST",
            "qualified_invoke_arn": "arn:aws:apigateway:us-east-1:lambda:path/2015-03-31/functions/arn:aws:lambda:us-east-1:116981784599:function:api-handler-oyvzwnbl:$LATEST/invocations",
            "replace_security_groups_on_destroy": null,
            "replacement_security_group_ids": null,
            "reserved_concurrent_executions": -1,
            "role": "arn:aws:iam::116981784599:role/lambda-execution-role-oyvzwnbl",
            "runtime": "nodejs18.x",
            "s3_bucket": null,
            "s3_key": null,
            "s3_object_version": null,
            "signing_job_arn": "",
            "signing_profile_version_arn": "",
            "skip_destroy": false,
            "snap_start": [],
            "source_code_hash": "FqGzvkOVjhtjoIMjx1AkQSOauFGUqWmZMoUBdmsskmc=",
            "source_code_size": 28791,
            "tags": {
              "Environment": "prod",
              "Name": "api-handler",
              "Project": "my-app"
            },
            "tags_all": {
              "Environment": "prod",
              "Name": "api-handler",
              "Project": "my-app"
            },
            "timeout": 30,
            "timeouts": null,
            "tracing_config": [
              {
                "mode": "PassThrough"
              }
            ],
            "version": "$LATEST",
            "vpc_config": [
              {
                "ipv6_allowed_for_dual_stack": false,
                "security_group_ids": [
                  "sg-09acec87987c7c865"
                ],
                "subnet_ids": [
                  "subnet-0593f4e9287035ec0",
                  "subnet-09a65d1f07cac8ff3"
                ],
                "vpc_id": "vpc-063b8f2900301b312"
              }
            ]
          },
          "sensitive_attributes": [],
          "private": "eyJlMmJmYjczMC1lY2FhLTExZTYtOGY4OC0zNDM2M2JjN2M0YzAiOnsiY3JlYXRlIjo2MDAwMDAwMDAwMDAsImRlbGV0ZSI6NjAwMDAwMDAwMDAwLCJ1cGRhdGUiOjYwMDAwMDAwMDAwMH19",
          "dependencies": [
            "module.lambda.aws_iam_role.lambda",
            "module.lambda.aws_lambda_layer_version.node_modules_layer",
            "module.lambda.data.archive_file.backend_zip",
            "module.lambda.data.archive_file.lambda_layer_zip",
            "module.lambda.null_resource.prepare_lambda_layer",
            "module.lambda.random_string.suffix",
            "module.secrets_manager.aws_secretsmanager_secret.db",
            "module.security_groups.aws_security_group.lambda_sg",
            "module.vpc.aws_subnet.private_db_a",
            "module.vpc.aws_subnet.private_db_b",
            "module.vpc.aws_vpc.main"
          ]
        }
      ]
    },
    {
      "module": "module.lambda",
      "mode": "managed",
      "type": "aws_lambda_layer_version",
      "name": "node_modules_layer",
      "provider": "provider[\"registry.terraform.io/hashicorp/aws\"]",
      "instances": [
        {
          "schema_version": 0,
          "attributes": {
            "arn": "arn:aws:lambda:us-east-1:116981784599:layer:node_modules_layer_oyvzwnbl:1",
            "code_sha256": "YII5odIf1MlKnnwv6u9ye47I+XdjfZmumsXFknrd/os=",
            "compatible_architectures": [],
            "compatible_runtimes": [
              "nodejs18.x"
            ],
            "created_date": "2025-03-19T10:19:18.433+0000",
            "description": "",
            "filename": "modules/lambda/lambda-layer.zip",
            "id": "arn:aws:lambda:us-east-1:116981784599:layer:node_modules_layer_oyvzwnbl:1",
            "layer_arn": "arn:aws:lambda:us-east-1:116981784599:layer:node_modules_layer_oyvzwnbl",
            "layer_name": "node_modules_layer_oyvzwnbl",
            "license_info": "",
            "s3_bucket": null,
            "s3_key": null,
            "s3_object_version": null,
            "signing_job_arn": "",
            "signing_profile_version_arn": "",
            "skip_destroy": false,
            "source_code_hash": "YII5odIf1MlKnnwv6u9ye47I+XdjfZmumsXFknrd/os=",
            "source_code_size": 20616826,
            "version": "1"
          },
          "sensitive_attributes": [],
          "private": "bnVsbA==",
          "dependencies": [
            "module.lambda.data.archive_file.lambda_layer_zip",
            "module.lambda.null_resource.prepare_lambda_layer",
            "module.lambda.random_string.suffix"
          ]
        }
      ]
    },
    {
      "module": "module.lambda",
      "mode": "managed",
      "type": "null_resource",
      "name": "prepare_lambda_layer",
      "provider": "provider[\"registry.terraform.io/hashicorp/null\"]",
      "instances": [
        {
          "schema_version": 0,
          "attributes": {
            "id": "7757770526826266117",
            "triggers": {
              "node_modules_hash": "3f679888cddd07c41c9fa5ca7b8835b47fb286ed1ac38ee936b883c4a2d3e9d7"
            }
          },
          "sensitive_attributes": []
        }
      ]
    },
    {
      "module": "module.lambda",
      "mode": "managed",
      "type": "random_string",
      "name": "suffix",
      "provider": "provider[\"registry.terraform.io/hashicorp/random\"]",
      "instances": [
        {
          "schema_version": 2,
          "attributes": {
            "id": "oyvzwnbl",
            "keepers": null,
            "length": 8,
            "lower": true,
            "min_lower": 0,
            "min_numeric": 0,
            "min_special": 0,
            "min_upper": 0,
            "number": true,
            "numeric": true,
            "override_special": null,
            "result": "oyvzwnbl",
            "special": false,
            "upper": false
          },
          "sensitive_attributes": []
        }
      ]
    },
    {
      "module": "module.logging",
      "mode": "managed",
      "type": "aws_cloudwatch_log_group",
      "name": "api_gateway_logs",
      "provider": "provider[\"registry.terraform.io/hashicorp/aws\"]",
      "instances": [
        {
          "schema_version": 0,
          "attributes": {
            "arn": "arn:aws:logs:us-east-1:116981784599:log-group:/aws/apigateway/MyHttpAPI-prod",
            "id": "/aws/apigateway/MyHttpAPI-prod",
            "kms_key_id": "",
            "log_group_class": "STANDARD",
            "name": "/aws/apigateway/MyHttpAPI-prod",
            "name_prefix": "",
            "retention_in_days": 7,
            "skip_destroy": false,
            "tags": {
              "Environment": "prod",
              "Name": "api-gateway-logs",
              "Project": "my-app"
            },
            "tags_all": {
              "Environment": "prod",
              "Name": "api-gateway-logs",
              "Project": "my-app"
            }
          },
          "sensitive_attributes": [],
          "private": "bnVsbA=="
        }
      ]
    },
    {
      "module": "module.logging",
      "mode": "managed",
      "type": "aws_iam_role",
      "name": "api_gateway_logs",
      "provider": "provider[\"registry.terraform.io/hashicorp/aws\"]",
      "instances": [
        {
          "schema_version": 0,
          "attributes": {
            "arn": "arn:aws:iam::116981784599:role/api-gateway-logs-role",
            "assume_role_policy": "{\"Statement\":[{\"Action\":\"sts:AssumeRole\",\"Effect\":\"Allow\",\"Principal\":{\"Service\":\"apigateway.amazonaws.com\"}}],\"Version\":\"2012-10-17\"}",
            "create_date": "2025-03-19T10:15:32Z",
            "description": "",
            "force_detach_policies": false,
            "id": "api-gateway-logs-role",
            "inline_policy": [
              {
                "name": "terraform-20250319101534222900000003",
                "policy": "{\"Version\":\"2012-10-17\",\"Statement\":[{\"Action\":[\"logs:CreateLogStream\",\"logs:PutLogEvents\"],\"Effect\":\"Allow\",\"Resource\":\"arn:aws:logs:us-east-1:116981784599:log-group:/aws/apigateway/MyHttpAPI-prod\"}]}"
              }
            ],
            "managed_policy_arns": [],
            "max_session_duration": 3600,
            "name": "api-gateway-logs-role",
            "name_prefix": "",
            "path": "/",
            "permissions_boundary": "",
            "tags": {
              "Environment": "prod",
              "Name": "api-gateway-logs-role",
              "Project": "my-app"
            },
            "tags_all": {
              "Environment": "prod",
              "Name": "api-gateway-logs-role",
              "Project": "my-app"
            },
            "unique_id": "AROARWPFIMALUWSIAYFKF"
          },
          "sensitive_attributes": [],
          "private": "bnVsbA=="
        }
      ]
    },
    {
      "module": "module.logging",
      "mode": "managed",
      "type": "aws_iam_role_policy",
      "name": "api_gateway_logs",
      "provider": "provider[\"registry.terraform.io/hashicorp/aws\"]",
      "instances": [
        {
          "schema_version": 0,
          "attributes": {
            "id": "api-gateway-logs-role:terraform-20250319101534222900000003",
            "name": "terraform-20250319101534222900000003",
            "name_prefix": "terraform-",
            "policy": "{\"Version\":\"2012-10-17\",\"Statement\":[{\"Action\":[\"logs:CreateLogStream\",\"logs:PutLogEvents\"],\"Effect\":\"Allow\",\"Resource\":\"arn:aws:logs:us-east-1:116981784599:log-group:/aws/apigateway/MyHttpAPI-prod\"}]}",
            "role": "api-gateway-logs-role"
          },
          "sensitive_attributes": [],
          "private": "bnVsbA==",
          "dependencies": [
            "module.logging.aws_cloudwatch_log_group.api_gateway_logs",
            "module.logging.aws_iam_role.api_gateway_logs"
          ]
        }
      ]
    },
    {
      "module": "module.rds",
      "mode": "managed",
      "type": "aws_db_instance",
      "name": "rds",
      "provider": "provider[\"registry.terraform.io/hashicorp/aws\"]",
      "instances": [
        {
          "schema_version": 2,
          "attributes": {
            "address": "mydb.cv2yuq8yynir.us-east-1.rds.amazonaws.com",
            "allocated_storage": 20,
            "allow_major_version_upgrade": null,
            "apply_immediately": false,
            "arn": "arn:aws:rds:us-east-1:116981784599:db:mydb",
            "auto_minor_version_upgrade": true,
            "availability_zone": "us-east-1a",
            "backup_retention_period": 0,
            "backup_target": "region",
            "backup_window": "08:49-09:19",
            "blue_green_update": [],
            "ca_cert_identifier": "rds-ca-rsa2048-g1",
            "character_set_name": "",
            "copy_tags_to_snapshot": false,
            "custom_iam_instance_profile": "",
            "customer_owned_ip_enabled": false,
            "db_name": "mydb",
            "db_subnet_group_name": "rds-subnet-group",
            "dedicated_log_volume": false,
            "delete_automated_backups": true,
            "deletion_protection": false,
            "domain": "",
            "domain_auth_secret_arn": "",
            "domain_dns_ips": [],
            "domain_fqdn": "",
            "domain_iam_role_name": "",
            "domain_ou": "",
            "enabled_cloudwatch_logs_exports": [],
            "endpoint": "mydb.cv2yuq8yynir.us-east-1.rds.amazonaws.com:5432",
            "engine": "postgres",
            "engine_lifecycle_support": "open-source-rds-extended-support",
            "engine_version": "15",
            "engine_version_actual": "15.10",
            "final_snapshot_identifier": null,
            "hosted_zone_id": "Z2R2ITUGPM61AM",
            "iam_database_authentication_enabled": false,
            "id": "db-AAPWTHNXYC5HCWLXFTIFWBRYDI",
            "identifier": "mydb",
            "identifier_prefix": "",
            "instance_class": "db.t3.micro",
            "iops": 0,
            "kms_key_id": "",
            "latest_restorable_time": "",
            "license_model": "postgresql-license",
            "listener_endpoint": [],
            "maintenance_window": "sun:05:22-sun:05:52",
            "manage_master_user_password": null,
            "master_user_secret": [],
            "master_user_secret_kms_key_id": null,
            "max_allocated_storage": 0,
            "monitoring_interval": 0,
            "monitoring_role_arn": "",
            "multi_az": false,
            "nchar_character_set_name": "",
            "network_type": "IPV4",
            "option_group_name": "default:postgres-15",
            "parameter_group_name": "postgres-params-mydb",
            "password": "iiewxQW7fGgEiQU5",
            "password_wo": null,
            "password_wo_version": null,
            "performance_insights_enabled": false,
            "performance_insights_kms_key_id": "",
            "performance_insights_retention_period": 0,
            "port": 5432,
            "publicly_accessible": false,
            "replica_mode": "",
            "replicas": [],
            "replicate_source_db": "",
            "resource_id": "db-AAPWTHNXYC5HCWLXFTIFWBRYDI",
            "restore_to_point_in_time": [],
            "s3_import": [],
            "skip_final_snapshot": true,
            "snapshot_identifier": null,
            "status": "available",
            "storage_encrypted": false,
            "storage_throughput": 0,
            "storage_type": "gp2",
            "tags": {
              "Environment": "prod",
              "Name": "mydb",
              "Project": "my-app"
            },
            "tags_all": {
              "Environment": "prod",
              "Name": "mydb",
              "Project": "my-app"
            },
            "timeouts": null,
            "timezone": "",
            "upgrade_storage_config": null,
            "username": "dbuser",
            "vpc_security_group_ids": [
              "sg-083cf450ffc9f7f0b"
            ]
          },
          "sensitive_attributes": [
            [
              {
                "type": "get_attr",
                "value": "password"
              }
            ],
            [
              {
                "type": "get_attr",
                "value": "password_wo"
              }
            ]
          ],
          "private": "eyJlMmJmYjczMC1lY2FhLTExZTYtOGY4OC0zNDM2M2JjN2M0YzAiOnsiY3JlYXRlIjozMDAwMDAwMDAwMDAwLCJkZWxldGUiOjM2MDAwMDAwMDAwMDAsInVwZGF0ZSI6NDgwMDAwMDAwMDAwMH0sInNjaGVtYV92ZXJzaW9uIjoiMiJ9",
          "dependencies": [
            "module.rds.aws_db_parameter_group.postgres_params",
            "module.rds.aws_db_subnet_group.rds",
            "module.rds.random_password.db_password",
            "module.security_groups.aws_security_group.lambda_sg",
            "module.security_groups.aws_security_group.rds_sg",
            "module.vpc.aws_subnet.private_db_a",
            "module.vpc.aws_subnet.private_db_b",
            "module.vpc.aws_vpc.main"
          ]
        }
      ]
    },
    {
      "module": "module.rds",
      "mode": "managed",
      "type": "aws_db_parameter_group",
      "name": "postgres_params",
      "provider": "provider[\"registry.terraform.io/hashicorp/aws\"]",
      "instances": [
        {
          "schema_version": 0,
          "attributes": {
            "arn": "arn:aws:rds:us-east-1:116981784599:pg:postgres-params-mydb",
            "description": "Managed by Terraform",
            "family": "postgres15",
            "id": "postgres-params-mydb",
            "name": "postgres-params-mydb",
            "name_prefix": "",
            "parameter": [
              {
                "apply_method": "immediate",
                "name": "rds.force_ssl",
                "value": "0"
              }
            ],
            "skip_destroy": false,
            "tags": {
              "Environment": "prod",
              "Name": "postgres-params-mydb",
              "Project": "my-app"
            },
            "tags_all": {
              "Environment": "prod",
              "Name": "postgres-params-mydb",
              "Project": "my-app"
            }
          },
          "sensitive_attributes": [],
          "private": "bnVsbA=="
        }
      ]
    },
    {
      "module": "module.rds",
      "mode": "managed",
      "type": "aws_db_subnet_group",
      "name": "rds",
      "provider": "provider[\"registry.terraform.io/hashicorp/aws\"]",
      "instances": [
        {
          "schema_version": 0,
          "attributes": {
            "arn": "arn:aws:rds:us-east-1:116981784599:subgrp:rds-subnet-group",
            "description": "Managed by Terraform",
            "id": "rds-subnet-group",
            "name": "rds-subnet-group",
            "name_prefix": "",
            "subnet_ids": [
              "subnet-0593f4e9287035ec0",
              "subnet-09a65d1f07cac8ff3"
            ],
            "supported_network_types": [
              "IPV4"
            ],
            "tags": {
              "Environment": "prod",
              "Name": "rds-subnet-group",
              "Project": "my-app"
            },
            "tags_all": {
              "Environment": "prod",
              "Name": "rds-subnet-group",
              "Project": "my-app"
            },
            "vpc_id": "vpc-063b8f2900301b312"
          },
          "sensitive_attributes": [],
          "private": "bnVsbA==",
          "dependencies": [
            "module.vpc.aws_subnet.private_db_a",
            "module.vpc.aws_subnet.private_db_b",
            "module.vpc.aws_vpc.main"
          ]
        }
      ]
    },
    {
      "module": "module.rds",
      "mode": "managed",
      "type": "random_password",
      "name": "db_password",
      "provider": "provider[\"registry.terraform.io/hashicorp/random\"]",
      "instances": [
        {
          "schema_version": 3,
          "attributes": {
            "bcrypt_hash": "$2a$10$dA0/ejuqXICHmF85QttpJ.TzcVNoqXoBA350NGyD9iArJs/nr2Xpi",
            "id": "none",
            "keepers": null,
            "length": 16,
            "lower": true,
            "min_lower": 0,
            "min_numeric": 0,
            "min_special": 0,
            "min_upper": 0,
            "number": true,
            "numeric": true,
            "override_special": null,
            "result": "iiewxQW7fGgEiQU5",
            "special": false,
            "upper": true
          },
          "sensitive_attributes": [
            [
              {
                "type": "get_attr",
                "value": "result"
              }
            ],
            [
              {
                "type": "get_attr",
                "value": "bcrypt_hash"
              }
            ]
          ]
        }
      ]
    },
    {
      "module": "module.secrets_manager",
      "mode": "managed",
      "type": "aws_secretsmanager_secret",
      "name": "db",
      "provider": "provider[\"registry.terraform.io/hashicorp/aws\"]",
      "instances": [
        {
          "schema_version": 0,
          "attributes": {
            "arn": "arn:aws:secretsmanager:us-east-1:116981784599:secret:db-credentials-k87gmK",
            "description": "Database credentials for RDS",
            "force_overwrite_replica_secret": false,
            "id": "arn:aws:secretsmanager:us-east-1:116981784599:secret:db-credentials-k87gmK",
            "kms_key_id": "",
            "name": "db-credentials",
            "name_prefix": "",
            "policy": "",
            "recovery_window_in_days": 30,
            "replica": [],
            "tags": {
              "Environment": "prod",
              "Name": "db-credentials",
              "Project": "my-app"
            },
            "tags_all": {
              "Environment": "prod",
              "Name": "db-credentials",
              "Project": "my-app"
            }
          },
          "sensitive_attributes": [],
          "private": "bnVsbA=="
        }
      ]
    },
    {
      "module": "module.secrets_manager",
      "mode": "managed",
      "type": "aws_secretsmanager_secret_version",
      "name": "db_version",
      "provider": "provider[\"registry.terraform.io/hashicorp/aws\"]",
      "instances": [
        {
          "schema_version": 0,
          "attributes": {
            "arn": "arn:aws:secretsmanager:us-east-1:116981784599:secret:db-credentials-k87gmK",
            "has_secret_string_wo": null,
            "id": "arn:aws:secretsmanager:us-east-1:116981784599:secret:db-credentials-k87gmK|terraform-20250319103730244300000002",
            "secret_binary": "",
            "secret_id": "arn:aws:secretsmanager:us-east-1:116981784599:secret:db-credentials-k87gmK",
            "secret_string": "{\"PG_DATABASE\":\"mydb\",\"PG_HOST\":\"mydb.cv2yuq8yynir.us-east-1.rds.amazonaws.com:5432\",\"PG_PASSWORD\":\"iiewxQW7fGgEiQU5\",\"PG_USER\":\"dbuser\"}",
            "secret_string_wo": null,
            "secret_string_wo_version": null,
            "version_id": "terraform-20250319103730244300000002",
            "version_stages": [
              "AWSCURRENT"
            ]
          },
          "sensitive_attributes": [
            [
              {
                "type": "get_attr",
                "value": "secret_string_wo"
              }
            ],
            [
              {
                "type": "get_attr",
                "value": "secret_string"
              }
            ],
            [
              {
                "type": "get_attr",
                "value": "secret_binary"
              }
            ]
          ],
          "private": "bnVsbA==",
          "dependencies": [
            "module.rds.aws_db_instance.rds",
            "module.rds.aws_db_parameter_group.postgres_params",
            "module.rds.aws_db_subnet_group.rds",
            "module.rds.random_password.db_password",
            "module.secrets_manager.aws_secretsmanager_secret.db",
            "module.security_groups.aws_security_group.lambda_sg",
            "module.security_groups.aws_security_group.rds_sg",
            "module.vpc.aws_subnet.private_db_a",
            "module.vpc.aws_subnet.private_db_b",
            "module.vpc.aws_vpc.main"
          ]
        }
      ]
    },
    {
      "module": "module.security_groups",
      "mode": "managed",
      "type": "aws_security_group",
      "name": "lambda_sg",
      "provider": "provider[\"registry.terraform.io/hashicorp/aws\"]",
      "instances": [
        {
          "schema_version": 1,
          "attributes": {
            "arn": "arn:aws:ec2:us-east-1:116981784599:security-group/sg-09acec87987c7c865",
            "description": "Security group for Lambda",
            "egress": [
              {
                "cidr_blocks": [
                  "0.0.0.0/0"
                ],
                "description": "Allow HTTPS to Secrets Manager",
                "from_port": 443,
                "ipv6_cidr_blocks": [],
                "prefix_list_ids": [],
                "protocol": "tcp",
                "security_groups": [],
                "self": false,
                "to_port": 443
              },
              {
                "cidr_blocks": [
                  "0.0.0.0/0"
                ],
                "description": "Allow PostgreSQL to RDS",
                "from_port": 5432,
                "ipv6_cidr_blocks": [],
                "prefix_list_ids": [],
                "protocol": "tcp",
                "security_groups": [],
                "self": false,
                "to_port": 5432
              }
            ],
            "id": "sg-09acec87987c7c865",
            "ingress": [],
            "name": "lambda-sg",
            "name_prefix": "",
            "owner_id": "116981784599",
            "revoke_rules_on_delete": false,
            "tags": {
              "Environment": "prod",
              "Name": "lambda-sg",
              "Project": "my-app"
            },
            "tags_all": {
              "Environment": "prod",
              "Name": "lambda-sg",
              "Project": "my-app"
            },
            "timeouts": null,
            "vpc_id": "vpc-063b8f2900301b312"
          },
          "sensitive_attributes": [],
          "private": "eyJlMmJmYjczMC1lY2FhLTExZTYtOGY4OC0zNDM2M2JjN2M0YzAiOnsiY3JlYXRlIjo2MDAwMDAwMDAwMDAsImRlbGV0ZSI6OTAwMDAwMDAwMDAwfSwic2NoZW1hX3ZlcnNpb24iOiIxIn0=",
          "dependencies": [
            "module.vpc.aws_vpc.main"
          ]
        }
      ]
    },
    {
      "module": "module.security_groups",
      "mode": "managed",
      "type": "aws_security_group",
      "name": "rds_sg",
      "provider": "provider[\"registry.terraform.io/hashicorp/aws\"]",
      "instances": [
        {
          "schema_version": 1,
          "attributes": {
            "arn": "arn:aws:ec2:us-east-1:116981784599:security-group/sg-083cf450ffc9f7f0b",
            "description": "Allow Lambda to access RDS",
            "egress": [
              {
                "cidr_blocks": [
                  "0.0.0.0/0"
                ],
                "description": "",
                "from_port": 0,
                "ipv6_cidr_blocks": [],
                "prefix_list_ids": [],
                "protocol": "-1",
                "security_groups": [],
                "self": false,
                "to_port": 0
              }
            ],
            "id": "sg-083cf450ffc9f7f0b",
            "ingress": [
              {
                "cidr_blocks": [],
                "description": "",
                "from_port": 5432,
                "ipv6_cidr_blocks": [],
                "prefix_list_ids": [],
                "protocol": "tcp",
                "security_groups": [
                  "sg-09acec87987c7c865"
                ],
                "self": false,
                "to_port": 5432
              }
            ],
            "name": "rds-sg",
            "name_prefix": "",
            "owner_id": "116981784599",
            "revoke_rules_on_delete": false,
            "tags": {
              "Environment": "prod",
              "Name": "rds-sg",
              "Project": "my-app"
            },
            "tags_all": {
              "Environment": "prod",
              "Name": "rds-sg",
              "Project": "my-app"
            },
            "timeouts": null,
            "vpc_id": "vpc-063b8f2900301b312"
          },
          "sensitive_attributes": [],
          "private": "eyJlMmJmYjczMC1lY2FhLTExZTYtOGY4OC0zNDM2M2JjN2M0YzAiOnsiY3JlYXRlIjo2MDAwMDAwMDAwMDAsImRlbGV0ZSI6OTAwMDAwMDAwMDAwfSwic2NoZW1hX3ZlcnNpb24iOiIxIn0=",
          "dependencies": [
            "module.security_groups.aws_security_group.lambda_sg",
            "module.vpc.aws_vpc.main"
          ]
        }
      ]
    },
    {
      "module": "module.security_groups",
      "mode": "managed",
      "type": "aws_security_group",
      "name": "vpc_endpoint_sg",
      "provider": "provider[\"registry.terraform.io/hashicorp/aws\"]",
      "instances": [
        {
          "schema_version": 1,
          "attributes": {
            "arn": "arn:aws:ec2:us-east-1:116981784599:security-group/sg-0066b6f7c7266137f",
            "description": "Security group for Secrets Manager VPC Endpoint",
            "egress": [
              {
                "cidr_blocks": [
                  "0.0.0.0/0"
                ],
                "description": "",
                "from_port": 0,
                "ipv6_cidr_blocks": [],
                "prefix_list_ids": [],
                "protocol": "-1",
                "security_groups": [],
                "self": false,
                "to_port": 0
              }
            ],
            "id": "sg-0066b6f7c7266137f",
            "ingress": [
              {
                "cidr_blocks": [],
                "description": "Allow HTTPS from Lambda",
                "from_port": 443,
                "ipv6_cidr_blocks": [],
                "prefix_list_ids": [],
                "protocol": "tcp",
                "security_groups": [
                  "sg-09acec87987c7c865"
                ],
                "self": false,
                "to_port": 443
              }
            ],
            "name": "vpc-endpoint-sg",
            "name_prefix": "",
            "owner_id": "116981784599",
            "revoke_rules_on_delete": false,
            "tags": {
              "Environment": "prod",
              "Name": "vpc-endpoint-sg",
              "Project": "my-app"
            },
            "tags_all": {
              "Environment": "prod",
              "Name": "vpc-endpoint-sg",
              "Project": "my-app"
            },
            "timeouts": null,
            "vpc_id": "vpc-063b8f2900301b312"
          },
          "sensitive_attributes": [],
          "private": "eyJlMmJmYjczMC1lY2FhLTExZTYtOGY4OC0zNDM2M2JjN2M0YzAiOnsiY3JlYXRlIjo2MDAwMDAwMDAwMDAsImRlbGV0ZSI6OTAwMDAwMDAwMDAwfSwic2NoZW1hX3ZlcnNpb24iOiIxIn0=",
          "dependencies": [
            "module.security_groups.aws_security_group.lambda_sg",
            "module.vpc.aws_vpc.main"
          ]
        }
      ]
    },
    {
      "module": "module.vpc",
      "mode": "managed",
      "type": "aws_internet_gateway",
      "name": "igw",
      "provider": "provider[\"registry.terraform.io/hashicorp/aws\"]",
      "instances": [
        {
          "schema_version": 0,
          "attributes": {
            "arn": "arn:aws:ec2:us-east-1:116981784599:internet-gateway/igw-0f23753fb9dd2d54f",
            "id": "igw-0f23753fb9dd2d54f",
            "owner_id": "116981784599",
            "tags": {
              "Environment": "prod",
              "Name": "main-igw",
              "Project": "my-app"
            },
            "tags_all": {
              "Environment": "prod",
              "Name": "main-igw",
              "Project": "my-app"
            },
            "timeouts": null,
            "vpc_id": "vpc-063b8f2900301b312"
          },
          "sensitive_attributes": [],
          "private": "eyJlMmJmYjczMC1lY2FhLTExZTYtOGY4OC0zNDM2M2JjN2M0YzAiOnsiY3JlYXRlIjoxMjAwMDAwMDAwMDAwLCJkZWxldGUiOjEyMDAwMDAwMDAwMDAsInVwZGF0ZSI6MTIwMDAwMDAwMDAwMH19",
          "dependencies": [
            "module.vpc.aws_vpc.main"
          ]
        }
      ]
    },
    {
      "module": "module.vpc",
      "mode": "managed",
      "type": "aws_route_table",
      "name": "private",
      "provider": "provider[\"registry.terraform.io/hashicorp/aws\"]",
      "instances": [
        {
          "schema_version": 0,
          "attributes": {
            "arn": "arn:aws:ec2:us-east-1:116981784599:route-table/rtb-01d8a45cccf8b2ca2",
            "id": "rtb-01d8a45cccf8b2ca2",
            "owner_id": "116981784599",
            "propagating_vgws": [],
            "route": [],
            "tags": {
              "Environment": "prod",
              "Name": "private-route-table",
              "Project": "my-app"
            },
            "tags_all": {
              "Environment": "prod",
              "Name": "private-route-table",
              "Project": "my-app"
            },
            "timeouts": null,
            "vpc_id": "vpc-063b8f2900301b312"
          },
          "sensitive_attributes": [],
          "private": "eyJlMmJmYjczMC1lY2FhLTExZTYtOGY4OC0zNDM2M2JjN2M0YzAiOnsiY3JlYXRlIjozMDAwMDAwMDAwMDAsImRlbGV0ZSI6MzAwMDAwMDAwMDAwLCJ1cGRhdGUiOjEyMDAwMDAwMDAwMH19",
          "dependencies": [
            "module.vpc.aws_vpc.main"
          ]
        }
      ]
    },
    {
      "module": "module.vpc",
      "mode": "managed",
      "type": "aws_route_table",
      "name": "public",
      "provider": "provider[\"registry.terraform.io/hashicorp/aws\"]",
      "instances": [
        {
          "schema_version": 0,
          "attributes": {
            "arn": "arn:aws:ec2:us-east-1:116981784599:route-table/rtb-031cf3ad2abced4ed",
            "id": "rtb-031cf3ad2abced4ed",
            "owner_id": "116981784599",
            "propagating_vgws": [],
            "route": [
              {
                "carrier_gateway_id": "",
                "cidr_block": "0.0.0.0/0",
                "core_network_arn": "",
                "destination_prefix_list_id": "",
                "egress_only_gateway_id": "",
                "gateway_id": "igw-0f23753fb9dd2d54f",
                "ipv6_cidr_block": "",
                "local_gateway_id": "",
                "nat_gateway_id": "",
                "network_interface_id": "",
                "transit_gateway_id": "",
                "vpc_endpoint_id": "",
                "vpc_peering_connection_id": ""
              }
            ],
            "tags": {
              "Environment": "prod",
              "Name": "public-route-table",
              "Project": "my-app"
            },
            "tags_all": {
              "Environment": "prod",
              "Name": "public-route-table",
              "Project": "my-app"
            },
            "timeouts": null,
            "vpc_id": "vpc-063b8f2900301b312"
          },
          "sensitive_attributes": [],
          "private": "eyJlMmJmYjczMC1lY2FhLTExZTYtOGY4OC0zNDM2M2JjN2M0YzAiOnsiY3JlYXRlIjozMDAwMDAwMDAwMDAsImRlbGV0ZSI6MzAwMDAwMDAwMDAwLCJ1cGRhdGUiOjEyMDAwMDAwMDAwMH19",
          "dependencies": [
            "module.vpc.aws_internet_gateway.igw",
            "module.vpc.aws_vpc.main"
          ]
        }
      ]
    },
    {
      "module": "module.vpc",
      "mode": "managed",
      "type": "aws_route_table_association",
      "name": "private_a",
      "provider": "provider[\"registry.terraform.io/hashicorp/aws\"]",
      "instances": [
        {
          "schema_version": 0,
          "attributes": {
            "gateway_id": "",
            "id": "rtbassoc-09b60f548c23e8385",
            "route_table_id": "rtb-01d8a45cccf8b2ca2",
            "subnet_id": "subnet-09a65d1f07cac8ff3",
            "timeouts": null
          },
          "sensitive_attributes": [],
          "private": "eyJlMmJmYjczMC1lY2FhLTExZTYtOGY4OC0zNDM2M2JjN2M0YzAiOnsiY3JlYXRlIjozMDAwMDAwMDAwMDAsImRlbGV0ZSI6MzAwMDAwMDAwMDAwLCJ1cGRhdGUiOjEyMDAwMDAwMDAwMH19",
          "dependencies": [
            "module.vpc.aws_route_table.private",
            "module.vpc.aws_subnet.private_db_a",
            "module.vpc.aws_vpc.main"
          ]
        }
      ]
    },
    {
      "module": "module.vpc",
      "mode": "managed",
      "type": "aws_route_table_association",
      "name": "private_b",
      "provider": "provider[\"registry.terraform.io/hashicorp/aws\"]",
      "instances": [
        {
          "schema_version": 0,
          "attributes": {
            "gateway_id": "",
            "id": "rtbassoc-0b5692e1e7ce10e51",
            "route_table_id": "rtb-01d8a45cccf8b2ca2",
            "subnet_id": "subnet-0593f4e9287035ec0",
            "timeouts": null
          },
          "sensitive_attributes": [],
          "private": "eyJlMmJmYjczMC1lY2FhLTExZTYtOGY4OC0zNDM2M2JjN2M0YzAiOnsiY3JlYXRlIjozMDAwMDAwMDAwMDAsImRlbGV0ZSI6MzAwMDAwMDAwMDAwLCJ1cGRhdGUiOjEyMDAwMDAwMDAwMH19",
          "dependencies": [
            "module.vpc.aws_route_table.private",
            "module.vpc.aws_subnet.private_db_b",
            "module.vpc.aws_vpc.main"
          ]
        }
      ]
    },
    {
      "module": "module.vpc",
      "mode": "managed",
      "type": "aws_route_table_association",
      "name": "public",
      "provider": "provider[\"registry.terraform.io/hashicorp/aws\"]",
      "instances": [
        {
          "schema_version": 0,
          "attributes": {
            "gateway_id": "",
            "id": "rtbassoc-0a91f15b3e126870a",
            "route_table_id": "rtb-031cf3ad2abced4ed",
            "subnet_id": "subnet-0c66cb9f8eb2d8ebd",
            "timeouts": null
          },
          "sensitive_attributes": [],
          "private": "eyJlMmJmYjczMC1lY2FhLTExZTYtOGY4OC0zNDM2M2JjN2M0YzAiOnsiY3JlYXRlIjozMDAwMDAwMDAwMDAsImRlbGV0ZSI6MzAwMDAwMDAwMDAwLCJ1cGRhdGUiOjEyMDAwMDAwMDAwMH19",
          "dependencies": [
            "module.vpc.aws_internet_gateway.igw",
            "module.vpc.aws_route_table.public",
            "module.vpc.aws_subnet.public",
            "module.vpc.aws_vpc.main"
          ]
        }
      ]
    },
    {
      "module": "module.vpc",
      "mode": "managed",
      "type": "aws_subnet",
      "name": "private_db_a",
      "provider": "provider[\"registry.terraform.io/hashicorp/aws\"]",
      "instances": [
        {
          "schema_version": 1,
          "attributes": {
            "arn": "arn:aws:ec2:us-east-1:116981784599:subnet/subnet-09a65d1f07cac8ff3",
            "assign_ipv6_address_on_creation": false,
            "availability_zone": "us-east-1a",
            "availability_zone_id": "use1-az1",
            "cidr_block": "10.0.1.0/24",
            "customer_owned_ipv4_pool": "",
            "enable_dns64": false,
            "enable_lni_at_device_index": 0,
            "enable_resource_name_dns_a_record_on_launch": false,
            "enable_resource_name_dns_aaaa_record_on_launch": false,
            "id": "subnet-09a65d1f07cac8ff3",
            "ipv6_cidr_block": "",
            "ipv6_cidr_block_association_id": "",
            "ipv6_native": false,
            "map_customer_owned_ip_on_launch": false,
            "map_public_ip_on_launch": false,
            "outpost_arn": "",
            "owner_id": "116981784599",
            "private_dns_hostname_type_on_launch": "ip-name",
            "tags": {
              "Environment": "prod",
              "Name": "private-db-subnet-a",
              "Project": "my-app"
            },
            "tags_all": {
              "Environment": "prod",
              "Name": "private-db-subnet-a",
              "Project": "my-app"
            },
            "timeouts": null,
            "vpc_id": "vpc-063b8f2900301b312"
          },
          "sensitive_attributes": [],
          "private": "eyJlMmJmYjczMC1lY2FhLTExZTYtOGY4OC0zNDM2M2JjN2M0YzAiOnsiY3JlYXRlIjo2MDAwMDAwMDAwMDAsImRlbGV0ZSI6MTIwMDAwMDAwMDAwMH0sInNjaGVtYV92ZXJzaW9uIjoiMSJ9",
          "dependencies": [
            "module.vpc.aws_vpc.main"
          ]
        }
      ]
    },
    {
      "module": "module.vpc",
      "mode": "managed",
      "type": "aws_subnet",
      "name": "private_db_b",
      "provider": "provider[\"registry.terraform.io/hashicorp/aws\"]",
      "instances": [
        {
          "schema_version": 1,
          "attributes": {
            "arn": "arn:aws:ec2:us-east-1:116981784599:subnet/subnet-0593f4e9287035ec0",
            "assign_ipv6_address_on_creation": false,
            "availability_zone": "us-east-1b",
            "availability_zone_id": "use1-az2",
            "cidr_block": "10.0.2.0/24",
            "customer_owned_ipv4_pool": "",
            "enable_dns64": false,
            "enable_lni_at_device_index": 0,
            "enable_resource_name_dns_a_record_on_launch": false,
            "enable_resource_name_dns_aaaa_record_on_launch": false,
            "id": "subnet-0593f4e9287035ec0",
            "ipv6_cidr_block": "",
            "ipv6_cidr_block_association_id": "",
            "ipv6_native": false,
            "map_customer_owned_ip_on_launch": false,
            "map_public_ip_on_launch": false,
            "outpost_arn": "",
            "owner_id": "116981784599",
            "private_dns_hostname_type_on_launch": "ip-name",
            "tags": {
              "Environment": "prod",
              "Name": "private-db-subnet-b",
              "Project": "my-app"
            },
            "tags_all": {
              "Environment": "prod",
              "Name": "private-db-subnet-b",
              "Project": "my-app"
            },
            "timeouts": null,
            "vpc_id": "vpc-063b8f2900301b312"
          },
          "sensitive_attributes": [],
          "private": "eyJlMmJmYjczMC1lY2FhLTExZTYtOGY4OC0zNDM2M2JjN2M0YzAiOnsiY3JlYXRlIjo2MDAwMDAwMDAwMDAsImRlbGV0ZSI6MTIwMDAwMDAwMDAwMH0sInNjaGVtYV92ZXJzaW9uIjoiMSJ9",
          "dependencies": [
            "module.vpc.aws_vpc.main"
          ]
        }
      ]
    },
    {
      "module": "module.vpc",
      "mode": "managed",
      "type": "aws_subnet",
      "name": "public",
      "provider": "provider[\"registry.terraform.io/hashicorp/aws\"]",
      "instances": [
        {
          "schema_version": 1,
          "attributes": {
            "arn": "arn:aws:ec2:us-east-1:116981784599:subnet/subnet-0c66cb9f8eb2d8ebd",
            "assign_ipv6_address_on_creation": false,
            "availability_zone": "us-east-1a",
            "availability_zone_id": "use1-az1",
            "cidr_block": "10.0.0.0/24",
            "customer_owned_ipv4_pool": "",
            "enable_dns64": false,
            "enable_lni_at_device_index": 0,
            "enable_resource_name_dns_a_record_on_launch": false,
            "enable_resource_name_dns_aaaa_record_on_launch": false,
            "id": "subnet-0c66cb9f8eb2d8ebd",
            "ipv6_cidr_block": "",
            "ipv6_cidr_block_association_id": "",
            "ipv6_native": false,
            "map_customer_owned_ip_on_launch": false,
            "map_public_ip_on_launch": false,
            "outpost_arn": "",
            "owner_id": "116981784599",
            "private_dns_hostname_type_on_launch": "ip-name",
            "tags": {
              "Environment": "prod",
              "Name": "public-subnet",
              "Project": "my-app"
            },
            "tags_all": {
              "Environment": "prod",
              "Name": "public-subnet",
              "Project": "my-app"
            },
            "timeouts": null,
            "vpc_id": "vpc-063b8f2900301b312"
          },
          "sensitive_attributes": [],
          "private": "eyJlMmJmYjczMC1lY2FhLTExZTYtOGY4OC0zNDM2M2JjN2M0YzAiOnsiY3JlYXRlIjo2MDAwMDAwMDAwMDAsImRlbGV0ZSI6MTIwMDAwMDAwMDAwMH0sInNjaGVtYV92ZXJzaW9uIjoiMSJ9",
          "dependencies": [
            "module.vpc.aws_vpc.main"
          ]
        }
      ]
    },
    {
      "module": "module.vpc",
      "mode": "managed",
      "type": "aws_vpc",
      "name": "main",
      "provider": "provider[\"registry.terraform.io/hashicorp/aws\"]",
      "instances": [
        {
          "schema_version": 1,
          "attributes": {
            "arn": "arn:aws:ec2:us-east-1:116981784599:vpc/vpc-063b8f2900301b312",
            "assign_generated_ipv6_cidr_block": false,
            "cidr_block": "10.0.0.0/16",
            "default_network_acl_id": "acl-008d8190f3591e378",
            "default_route_table_id": "rtb-017e8091718a1a662",
            "default_security_group_id": "sg-0845ed090e4f85880",
            "dhcp_options_id": "dopt-0a2b513abce1c5b68",
            "enable_dns_hostnames": true,
            "enable_dns_support": true,
            "enable_network_address_usage_metrics": false,
            "id": "vpc-063b8f2900301b312",
            "instance_tenancy": "default",
            "ipv4_ipam_pool_id": null,
            "ipv4_netmask_length": null,
            "ipv6_association_id": "",
            "ipv6_cidr_block": "",
            "ipv6_cidr_block_network_border_group": "",
            "ipv6_ipam_pool_id": "",
            "ipv6_netmask_length": 0,
            "main_route_table_id": "rtb-017e8091718a1a662",
            "owner_id": "116981784599",
            "tags": {
              "Environment": "prod",
              "Name": "main-vpc",
              "Project": "my-app"
            },
            "tags_all": {
              "Environment": "prod",
              "Name": "main-vpc",
              "Project": "my-app"
            }
          },
          "sensitive_attributes": [],
          "private": "eyJzY2hlbWFfdmVyc2lvbiI6IjEifQ=="
        }
      ]
    },
    {
      "module": "module.vpc_endpoints",
      "mode": "managed",
      "type": "aws_vpc_endpoint",
      "name": "secrets_manager",
      "provider": "provider[\"registry.terraform.io/hashicorp/aws\"]",
      "instances": [
        {
          "schema_version": 0,
          "attributes": {
            "arn": "arn:aws:ec2:us-east-1:116981784599:vpc-endpoint/vpce-0b32c1f7683b8eafc",
            "auto_accept": null,
            "cidr_blocks": [],
            "dns_entry": [
              {
                "dns_name": "vpce-0b32c1f7683b8eafc-9npyn01m.secretsmanager.us-east-1.vpce.amazonaws.com",
                "hosted_zone_id": "Z7HUB22UULQXV"
              },
              {
                "dns_name": "vpce-0b32c1f7683b8eafc-9npyn01m-us-east-1b.secretsmanager.us-east-1.vpce.amazonaws.com",
                "hosted_zone_id": "Z7HUB22UULQXV"
              },
              {
                "dns_name": "vpce-0b32c1f7683b8eafc-9npyn01m-us-east-1a.secretsmanager.us-east-1.vpce.amazonaws.com",
                "hosted_zone_id": "Z7HUB22UULQXV"
              },
              {
                "dns_name": "secretsmanager.us-east-1.amazonaws.com",
                "hosted_zone_id": "Z0179871JBQZZOJ1P3AE"
              }
            ],
            "dns_options": [
              {
                "dns_record_ip_type": "ipv4",
                "private_dns_only_for_inbound_resolver_endpoint": false
              }
            ],
            "id": "vpce-0b32c1f7683b8eafc",
            "ip_address_type": "ipv4",
            "network_interface_ids": [
              "eni-09acbdde63b8b8f01",
              "eni-0a53a91df723e2e19"
            ],
            "owner_id": "116981784599",
            "policy": "{\"Statement\":[{\"Action\":\"*\",\"Effect\":\"Allow\",\"Principal\":\"*\",\"Resource\":\"*\"}]}",
            "prefix_list_id": null,
            "private_dns_enabled": true,
            "requester_managed": false,
            "resource_configuration_arn": "",
            "route_table_ids": [],
            "security_group_ids": [
              "sg-0066b6f7c7266137f"
            ],
            "service_name": "com.amazonaws.us-east-1.secretsmanager",
            "service_network_arn": "",
            "service_region": "us-east-1",
            "state": "available",
            "subnet_configuration": [
              {
                "ipv4": "10.0.1.88",
                "ipv6": "",
                "subnet_id": "subnet-09a65d1f07cac8ff3"
              },
              {
                "ipv4": "10.0.2.102",
                "ipv6": "",
                "subnet_id": "subnet-0593f4e9287035ec0"
              }
            ],
            "subnet_ids": [
              "subnet-0593f4e9287035ec0",
              "subnet-09a65d1f07cac8ff3"
            ],
            "tags": {
              "Environment": "prod",
              "Name": "secrets-manager-vpc-endpoint",
              "Project": "my-app"
            },
            "tags_all": {
              "Environment": "prod",
              "Name": "secrets-manager-vpc-endpoint",
              "Project": "my-app"
            },
            "timeouts": null,
            "vpc_endpoint_type": "Interface",
            "vpc_id": "vpc-063b8f2900301b312"
          },
          "sensitive_attributes": [],
          "private": "eyJlMmJmYjczMC1lY2FhLTExZTYtOGY4OC0zNDM2M2JjN2M0YzAiOnsiY3JlYXRlIjo2MDAwMDAwMDAwMDAsImRlbGV0ZSI6NjAwMDAwMDAwMDAwLCJ1cGRhdGUiOjYwMDAwMDAwMDAwMH19",
          "dependencies": [
            "module.security_groups.aws_security_group.lambda_sg",
            "module.security_groups.aws_security_group.vpc_endpoint_sg",
            "module.vpc.aws_subnet.private_db_a",
            "module.vpc.aws_subnet.private_db_b",
            "module.vpc.aws_vpc.main"
          ]
        }
      ]
    }
  ],
  "check_results": null
}
